// !$*UTF8*$!
{
	archiveVersion = 1;
	classes = {
	};
	objectVersion = 55;
	objects = {

/* Begin PBXBuildFile section */
		3571C283D1A3C1A69AC126A5 /* Pods_Youtube_DemoTests.framework in Frameworks */ = {isa = PBXBuildFile; fileRef = 30619628BB42BB8F91F6757F /* Pods_Youtube_DemoTests.framework */; };
		533E07C32A750F7F00D87521 /* AppDelegate.swift in Sources */ = {isa = PBXBuildFile; fileRef = 533E07C22A750F7F00D87521 /* AppDelegate.swift */; };
		533E07C72A750F7F00D87521 /* HomeController.swift in Sources */ = {isa = PBXBuildFile; fileRef = 533E07C62A750F7F00D87521 /* HomeController.swift */; };
		533E07CC2A750F8100D87521 /* Assets.xcassets in Resources */ = {isa = PBXBuildFile; fileRef = 533E07CB2A750F8100D87521 /* Assets.xcassets */; };
		533E07CF2A750F8100D87521 /* LaunchScreen.storyboard in Resources */ = {isa = PBXBuildFile; fileRef = 533E07CD2A750F8100D87521 /* LaunchScreen.storyboard */; };
		533E07DA2A750F8100D87521 /* Youtube_DemoTests.swift in Sources */ = {isa = PBXBuildFile; fileRef = 533E07D92A750F8100D87521 /* Youtube_DemoTests.swift */; };
		533E07E42A750F8100D87521 /* Youtube_DemoUITests.swift in Sources */ = {isa = PBXBuildFile; fileRef = 533E07E32A750F8100D87521 /* Youtube_DemoUITests.swift */; };
		533E07E62A750F8100D87521 /* Youtube_DemoUITestsLaunchTests.swift in Sources */ = {isa = PBXBuildFile; fileRef = 533E07E52A750F8100D87521 /* Youtube_DemoUITestsLaunchTests.swift */; };
		D0E10BD3C5A3DBAAA584EBBE /* Pods_Youtube_Demo.framework in Frameworks */ = {isa = PBXBuildFile; fileRef = 568D18DD672480770F2DDED9 /* Pods_Youtube_Demo.framework */; };
		EACE7CD4E0E6B9D146897CA9 /* Pods_Youtube_Demo_Youtube_DemoUITests.framework in Frameworks */ = {isa = PBXBuildFile; fileRef = 12D86311BC282ADA4A89D6E9 /* Pods_Youtube_Demo_Youtube_DemoUITests.framework */; };
/* End PBXBuildFile section */

/* Begin PBXContainerItemProxy section */
		533E07D62A750F8100D87521 /* PBXContainerItemProxy */ = {
			isa = PBXContainerItemProxy;
			containerPortal = 533E07B72A750F7F00D87521 /* Project object */;
			proxyType = 1;
			remoteGlobalIDString = 533E07BE2A750F7F00D87521;
			remoteInfo = Youtube_Demo;
		};
		533E07E02A750F8100D87521 /* PBXContainerItemProxy */ = {
			isa = PBXContainerItemProxy;
			containerPortal = 533E07B72A750F7F00D87521 /* Project object */;
			proxyType = 1;
			remoteGlobalIDString = 533E07BE2A750F7F00D87521;
			remoteInfo = Youtube_Demo;
		};
/* End PBXContainerItemProxy section */

/* Begin PBXFileReference section */
		12D86311BC282ADA4A89D6E9 /* Pods_Youtube_Demo_Youtube_DemoUITests.framework */ = {isa = PBXFileReference; explicitFileType = wrapper.framework; includeInIndex = 0; path = Pods_Youtube_Demo_Youtube_DemoUITests.framework; sourceTree = BUILT_PRODUCTS_DIR; };
		30619628BB42BB8F91F6757F /* Pods_Youtube_DemoTests.framework */ = {isa = PBXFileReference; explicitFileType = wrapper.framework; includeInIndex = 0; path = Pods_Youtube_DemoTests.framework; sourceTree = BUILT_PRODUCTS_DIR; };
		47B3735652847237E9C35EAA /* Pods-Youtube_DemoTests.release.xcconfig */ = {isa = PBXFileReference; includeInIndex = 1; lastKnownFileType = text.xcconfig; name = "Pods-Youtube_DemoTests.release.xcconfig"; path = "Target Support Files/Pods-Youtube_DemoTests/Pods-Youtube_DemoTests.release.xcconfig"; sourceTree = "<group>"; };
		533E07BF2A750F7F00D87521 /* Youtube_Demo.app */ = {isa = PBXFileReference; explicitFileType = wrapper.application; includeInIndex = 0; path = Youtube_Demo.app; sourceTree = BUILT_PRODUCTS_DIR; };
		533E07C22A750F7F00D87521 /* AppDelegate.swift */ = {isa = PBXFileReference; lastKnownFileType = sourcecode.swift; path = AppDelegate.swift; sourceTree = "<group>"; };
		533E07C62A750F7F00D87521 /* HomeController.swift */ = {isa = PBXFileReference; lastKnownFileType = sourcecode.swift; path = HomeController.swift; sourceTree = "<group>"; };
		533E07CB2A750F8100D87521 /* Assets.xcassets */ = {isa = PBXFileReference; lastKnownFileType = folder.assetcatalog; path = Assets.xcassets; sourceTree = "<group>"; };
		533E07CE2A750F8100D87521 /* Base */ = {isa = PBXFileReference; lastKnownFileType = file.storyboard; name = Base; path = Base.lproj/LaunchScreen.storyboard; sourceTree = "<group>"; };
		533E07D02A750F8100D87521 /* Info.plist */ = {isa = PBXFileReference; lastKnownFileType = text.plist.xml; path = Info.plist; sourceTree = "<group>"; };
		533E07D52A750F8100D87521 /* Youtube_DemoTests.xctest */ = {isa = PBXFileReference; explicitFileType = wrapper.cfbundle; includeInIndex = 0; path = Youtube_DemoTests.xctest; sourceTree = BUILT_PRODUCTS_DIR; };
		533E07D92A750F8100D87521 /* Youtube_DemoTests.swift */ = {isa = PBXFileReference; lastKnownFileType = sourcecode.swift; path = Youtube_DemoTests.swift; sourceTree = "<group>"; };
		533E07DF2A750F8100D87521 /* Youtube_DemoUITests.xctest */ = {isa = PBXFileReference; explicitFileType = wrapper.cfbundle; includeInIndex = 0; path = Youtube_DemoUITests.xctest; sourceTree = BUILT_PRODUCTS_DIR; };
		533E07E32A750F8100D87521 /* Youtube_DemoUITests.swift */ = {isa = PBXFileReference; lastKnownFileType = sourcecode.swift; path = Youtube_DemoUITests.swift; sourceTree = "<group>"; };
		533E07E52A750F8100D87521 /* Youtube_DemoUITestsLaunchTests.swift */ = {isa = PBXFileReference; lastKnownFileType = sourcecode.swift; path = Youtube_DemoUITestsLaunchTests.swift; sourceTree = "<group>"; };
		568D18DD672480770F2DDED9 /* Pods_Youtube_Demo.framework */ = {isa = PBXFileReference; explicitFileType = wrapper.framework; includeInIndex = 0; path = Pods_Youtube_Demo.framework; sourceTree = BUILT_PRODUCTS_DIR; };
		7633E0DF66770EB834DF9149 /* Pods-Youtube_Demo-Youtube_DemoUITests.release.xcconfig */ = {isa = PBXFileReference; includeInIndex = 1; lastKnownFileType = text.xcconfig; name = "Pods-Youtube_Demo-Youtube_DemoUITests.release.xcconfig"; path = "Target Support Files/Pods-Youtube_Demo-Youtube_DemoUITests/Pods-Youtube_Demo-Youtube_DemoUITests.release.xcconfig"; sourceTree = "<group>"; };
		8E350BA562C6D21E9B707BE1 /* Pods-Youtube_DemoTests.debug.xcconfig */ = {isa = PBXFileReference; includeInIndex = 1; lastKnownFileType = text.xcconfig; name = "Pods-Youtube_DemoTests.debug.xcconfig"; path = "Target Support Files/Pods-Youtube_DemoTests/Pods-Youtube_DemoTests.debug.xcconfig"; sourceTree = "<group>"; };
		B42D1601F156E93A231A9FD0 /* Pods-Youtube_Demo.debug.xcconfig */ = {isa = PBXFileReference; includeInIndex = 1; lastKnownFileType = text.xcconfig; name = "Pods-Youtube_Demo.debug.xcconfig"; path = "Target Support Files/Pods-Youtube_Demo/Pods-Youtube_Demo.debug.xcconfig"; sourceTree = "<group>"; };
		C04B6937D2CF02B2D25804FD /* Pods-Youtube_Demo-Youtube_DemoUITests.debug.xcconfig */ = {isa = PBXFileReference; includeInIndex = 1; lastKnownFileType = text.xcconfig; name = "Pods-Youtube_Demo-Youtube_DemoUITests.debug.xcconfig"; path = "Target Support Files/Pods-Youtube_Demo-Youtube_DemoUITests/Pods-Youtube_Demo-Youtube_DemoUITests.debug.xcconfig"; sourceTree = "<group>"; };
		EB7347CA4BC6311AC4CFF307 /* Pods-Youtube_Demo.release.xcconfig */ = {isa = PBXFileReference; includeInIndex = 1; lastKnownFileType = text.xcconfig; name = "Pods-Youtube_Demo.release.xcconfig"; path = "Target Support Files/Pods-Youtube_Demo/Pods-Youtube_Demo.release.xcconfig"; sourceTree = "<group>"; };
/* End PBXFileReference section */

/* Begin PBXFrameworksBuildPhase section */
		533E07BC2A750F7F00D87521 /* Frameworks */ = {
			isa = PBXFrameworksBuildPhase;
			buildActionMask = 2147483647;
			files = (
				D0E10BD3C5A3DBAAA584EBBE /* Pods_Youtube_Demo.framework in Frameworks */,
			);
			runOnlyForDeploymentPostprocessing = 0;
		};
		533E07D22A750F8100D87521 /* Frameworks */ = {
			isa = PBXFrameworksBuildPhase;
			buildActionMask = 2147483647;
			files = (
				3571C283D1A3C1A69AC126A5 /* Pods_Youtube_DemoTests.framework in Frameworks */,
			);
			runOnlyForDeploymentPostprocessing = 0;
		};
		533E07DC2A750F8100D87521 /* Frameworks */ = {
			isa = PBXFrameworksBuildPhase;
			buildActionMask = 2147483647;
			files = (
				EACE7CD4E0E6B9D146897CA9 /* Pods_Youtube_Demo_Youtube_DemoUITests.framework in Frameworks */,
			);
			runOnlyForDeploymentPostprocessing = 0;
		};
/* End PBXFrameworksBuildPhase section */

/* Begin PBXGroup section */
		533E07B62A750F7F00D87521 = {
			isa = PBXGroup;
			children = (
				533E07C12A750F7F00D87521 /* Youtube_Demo */,
				533E07D82A750F8100D87521 /* Youtube_DemoTests */,
				533E07E22A750F8100D87521 /* Youtube_DemoUITests */,
				533E07C02A750F7F00D87521 /* Products */,
				7378FD1E7D28F93918537438 /* Pods */,
				8161A5BC97EC43BF42C0EAA4 /* Frameworks */,
			);
			sourceTree = "<group>";
		};
		533E07C02A750F7F00D87521 /* Products */ = {
			isa = PBXGroup;
			children = (
				533E07BF2A750F7F00D87521 /* Youtube_Demo.app */,
				533E07D52A750F8100D87521 /* Youtube_DemoTests.xctest */,
				533E07DF2A750F8100D87521 /* Youtube_DemoUITests.xctest */,
			);
			name = Products;
			sourceTree = "<group>";
		};
		533E07C12A750F7F00D87521 /* Youtube_Demo */ = {
			isa = PBXGroup;
			children = (
				533E07C22A750F7F00D87521 /* AppDelegate.swift */,
				533E07C62A750F7F00D87521 /* HomeController.swift */,
				533E07CB2A750F8100D87521 /* Assets.xcassets */,
				533E07CD2A750F8100D87521 /* LaunchScreen.storyboard */,
				533E07D02A750F8100D87521 /* Info.plist */,
			);
			path = Youtube_Demo;
			sourceTree = "<group>";
		};
		533E07D82A750F8100D87521 /* Youtube_DemoTests */ = {
			isa = PBXGroup;
			children = (
				533E07D92A750F8100D87521 /* Youtube_DemoTests.swift */,
			);
			path = Youtube_DemoTests;
			sourceTree = "<group>";
		};
		533E07E22A750F8100D87521 /* Youtube_DemoUITests */ = {
			isa = PBXGroup;
			children = (
				533E07E32A750F8100D87521 /* Youtube_DemoUITests.swift */,
				533E07E52A750F8100D87521 /* Youtube_DemoUITestsLaunchTests.swift */,
			);
			path = Youtube_DemoUITests;
			sourceTree = "<group>";
		};
		7378FD1E7D28F93918537438 /* Pods */ = {
			isa = PBXGroup;
			children = (
				B42D1601F156E93A231A9FD0 /* Pods-Youtube_Demo.debug.xcconfig */,
				EB7347CA4BC6311AC4CFF307 /* Pods-Youtube_Demo.release.xcconfig */,
				C04B6937D2CF02B2D25804FD /* Pods-Youtube_Demo-Youtube_DemoUITests.debug.xcconfig */,
				7633E0DF66770EB834DF9149 /* Pods-Youtube_Demo-Youtube_DemoUITests.release.xcconfig */,
				8E350BA562C6D21E9B707BE1 /* Pods-Youtube_DemoTests.debug.xcconfig */,
				47B3735652847237E9C35EAA /* Pods-Youtube_DemoTests.release.xcconfig */,
			);
			name = Pods;
			path = Pods;
			sourceTree = "<group>";
		};
		8161A5BC97EC43BF42C0EAA4 /* Frameworks */ = {
			isa = PBXGroup;
			children = (
				568D18DD672480770F2DDED9 /* Pods_Youtube_Demo.framework */,
				12D86311BC282ADA4A89D6E9 /* Pods_Youtube_Demo_Youtube_DemoUITests.framework */,
				30619628BB42BB8F91F6757F /* Pods_Youtube_DemoTests.framework */,
			);
			name = Frameworks;
			sourceTree = "<group>";
		};
/* End PBXGroup section */

/* Begin PBXNativeTarget section */
		533E07BE2A750F7F00D87521 /* Youtube_Demo */ = {
			isa = PBXNativeTarget;
			buildConfigurationList = 533E07E92A750F8100D87521 /* Build configuration list for PBXNativeTarget "Youtube_Demo" */;
			buildPhases = (
				A91D614413822E1A30598EDD /* [CP] Check Pods Manifest.lock */,
				533E07BB2A750F7F00D87521 /* Sources */,
				533E07BC2A750F7F00D87521 /* Frameworks */,
				533E07BD2A750F7F00D87521 /* Resources */,
				4D3DBFDFA1C4EE33DA17F17F /* [CP] Embed Pods Frameworks */,
			);
			buildRules = (
			);
			dependencies = (
			);
			name = Youtube_Demo;
			productName = Youtube_Demo;
			productReference = 533E07BF2A750F7F00D87521 /* Youtube_Demo.app */;
			productType = "com.apple.product-type.application";
		};
		533E07D42A750F8100D87521 /* Youtube_DemoTests */ = {
			isa = PBXNativeTarget;
			buildConfigurationList = 533E07EC2A750F8100D87521 /* Build configuration list for PBXNativeTarget "Youtube_DemoTests" */;
			buildPhases = (
				92749F4121A726A055D7DE99 /* [CP] Check Pods Manifest.lock */,
				533E07D12A750F8100D87521 /* Sources */,
				533E07D22A750F8100D87521 /* Frameworks */,
				533E07D32A750F8100D87521 /* Resources */,
			);
			buildRules = (
			);
			dependencies = (
				533E07D72A750F8100D87521 /* PBXTargetDependency */,
			);
			name = Youtube_DemoTests;
			productName = Youtube_DemoTests;
			productReference = 533E07D52A750F8100D87521 /* Youtube_DemoTests.xctest */;
			productType = "com.apple.product-type.bundle.unit-test";
		};
		533E07DE2A750F8100D87521 /* Youtube_DemoUITests */ = {
			isa = PBXNativeTarget;
			buildConfigurationList = 533E07EF2A750F8100D87521 /* Build configuration list for PBXNativeTarget "Youtube_DemoUITests" */;
			buildPhases = (
				E769F6D0D084960A9E739893 /* [CP] Check Pods Manifest.lock */,
				533E07DB2A750F8100D87521 /* Sources */,
				533E07DC2A750F8100D87521 /* Frameworks */,
				533E07DD2A750F8100D87521 /* Resources */,
				1F50D3534E21E7FD84CEBBB7 /* [CP] Embed Pods Frameworks */,
			);
			buildRules = (
			);
			dependencies = (
				533E07E12A750F8100D87521 /* PBXTargetDependency */,
			);
			name = Youtube_DemoUITests;
			productName = Youtube_DemoUITests;
			productReference = 533E07DF2A750F8100D87521 /* Youtube_DemoUITests.xctest */;
			productType = "com.apple.product-type.bundle.ui-testing";
		};
/* End PBXNativeTarget section */

/* Begin PBXProject section */
		533E07B72A750F7F00D87521 /* Project object */ = {
			isa = PBXProject;
			attributes = {
				BuildIndependentTargetsInParallel = 1;
				LastSwiftUpdateCheck = 1340;
				LastUpgradeCheck = 1340;
				TargetAttributes = {
					533E07BE2A750F7F00D87521 = {
						CreatedOnToolsVersion = 13.4.1;
					};
					533E07D42A750F8100D87521 = {
						CreatedOnToolsVersion = 13.4.1;
						TestTargetID = 533E07BE2A750F7F00D87521;
					};
					533E07DE2A750F8100D87521 = {
						CreatedOnToolsVersion = 13.4.1;
						TestTargetID = 533E07BE2A750F7F00D87521;
					};
				};
			};
			buildConfigurationList = 533E07BA2A750F7F00D87521 /* Build configuration list for PBXProject "Youtube_Demo" */;
			compatibilityVersion = "Xcode 13.0";
			developmentRegion = en;
			hasScannedForEncodings = 0;
			knownRegions = (
				en,
				Base,
			);
			mainGroup = 533E07B62A750F7F00D87521;
			productRefGroup = 533E07C02A750F7F00D87521 /* Products */;
			projectDirPath = "";
			projectRoot = "";
			targets = (
				533E07BE2A750F7F00D87521 /* Youtube_Demo */,
				533E07D42A750F8100D87521 /* Youtube_DemoTests */,
				533E07DE2A750F8100D87521 /* Youtube_DemoUITests */,
			);
		};
/* End PBXProject section */

/* Begin PBXResourcesBuildPhase section */
		533E07BD2A750F7F00D87521 /* Resources */ = {
			isa = PBXResourcesBuildPhase;
			buildActionMask = 2147483647;
			files = (
				533E07CF2A750F8100D87521 /* LaunchScreen.storyboard in Resources */,
				533E07CC2A750F8100D87521 /* Assets.xcassets in Resources */,
			);
			runOnlyForDeploymentPostprocessing = 0;
		};
		533E07D32A750F8100D87521 /* Resources */ = {
			isa = PBXResourcesBuildPhase;
			buildActionMask = 2147483647;
			files = (
			);
			runOnlyForDeploymentPostprocessing = 0;
		};
		533E07DD2A750F8100D87521 /* Resources */ = {
			isa = PBXResourcesBuildPhase;
			buildActionMask = 2147483647;
			files = (
			);
			runOnlyForDeploymentPostprocessing = 0;
		};
/* End PBXResourcesBuildPhase section */

/* Begin PBXShellScriptBuildPhase section */
		1F50D3534E21E7FD84CEBBB7 /* [CP] Embed Pods Frameworks */ = {
			isa = PBXShellScriptBuildPhase;
			buildActionMask = 2147483647;
			files = (
			);
			inputFileListPaths = (
				"${PODS_ROOT}/Target Support Files/Pods-Youtube_Demo-Youtube_DemoUITests/Pods-Youtube_Demo-Youtube_DemoUITests-frameworks-${CONFIGURATION}-input-files.xcfilelist",
			);
			name = "[CP] Embed Pods Frameworks";
			outputFileListPaths = (
				"${PODS_ROOT}/Target Support Files/Pods-Youtube_Demo-Youtube_DemoUITests/Pods-Youtube_Demo-Youtube_DemoUITests-frameworks-${CONFIGURATION}-output-files.xcfilelist",
			);
			runOnlyForDeploymentPostprocessing = 0;
			shellPath = /bin/sh;
			shellScript = "\"${PODS_ROOT}/Target Support Files/Pods-Youtube_Demo-Youtube_DemoUITests/Pods-Youtube_Demo-Youtube_DemoUITests-frameworks.sh\"\n";
			showEnvVarsInLog = 0;
		};
		4D3DBFDFA1C4EE33DA17F17F /* [CP] Embed Pods Frameworks */ = {
			isa = PBXShellScriptBuildPhase;
			buildActionMask = 2147483647;
			files = (
			);
			inputFileListPaths = (
				"${PODS_ROOT}/Target Support Files/Pods-Youtube_Demo/Pods-Youtube_Demo-frameworks-${CONFIGURATION}-input-files.xcfilelist",
			);
			name = "[CP] Embed Pods Frameworks";
			outputFileListPaths = (
				"${PODS_ROOT}/Target Support Files/Pods-Youtube_Demo/Pods-Youtube_Demo-frameworks-${CONFIGURATION}-output-files.xcfilelist",
			);
			runOnlyForDeploymentPostprocessing = 0;
			shellPath = /bin/sh;
			shellScript = "\"${PODS_ROOT}/Target Support Files/Pods-Youtube_Demo/Pods-Youtube_Demo-frameworks.sh\"\n";
			showEnvVarsInLog = 0;
		};
		92749F4121A726A055D7DE99 /* [CP] Check Pods Manifest.lock */ = {
			isa = PBXShellScriptBuildPhase;
			buildActionMask = 2147483647;
			files = (
			);
			inputFileListPaths = (
			);
			inputPaths = (
				"${PODS_PODFILE_DIR_PATH}/Podfile.lock",
				"${PODS_ROOT}/Manifest.lock",
			);
			name = "[CP] Check Pods Manifest.lock";
			outputFileListPaths = (
			);
			outputPaths = (
				"$(DERIVED_FILE_DIR)/Pods-Youtube_DemoTests-checkManifestLockResult.txt",
			);
			runOnlyForDeploymentPostprocessing = 0;
			shellPath = /bin/sh;
			shellScript = "diff \"${PODS_PODFILE_DIR_PATH}/Podfile.lock\" \"${PODS_ROOT}/Manifest.lock\" > /dev/null\nif [ $? != 0 ] ; then\n    # print error to STDERR\n    echo \"error: The sandbox is not in sync with the Podfile.lock. Run 'pod install' or update your CocoaPods installation.\" >&2\n    exit 1\nfi\n# This output is used by Xcode 'outputs' to avoid re-running this script phase.\necho \"SUCCESS\" > \"${SCRIPT_OUTPUT_FILE_0}\"\n";
			showEnvVarsInLog = 0;
		};
		A91D614413822E1A30598EDD /* [CP] Check Pods Manifest.lock */ = {
			isa = PBXShellScriptBuildPhase;
			buildActionMask = 2147483647;
			files = (
			);
			inputFileListPaths = (
			);
			inputPaths = (
				"${PODS_PODFILE_DIR_PATH}/Podfile.lock",
				"${PODS_ROOT}/Manifest.lock",
			);
			name = "[CP] Check Pods Manifest.lock";
			outputFileListPaths = (
			);
			outputPaths = (
				"$(DERIVED_FILE_DIR)/Pods-Youtube_Demo-checkManifestLockResult.txt",
			);
			runOnlyForDeploymentPostprocessing = 0;
			shellPath = /bin/sh;
			shellScript = "diff \"${PODS_PODFILE_DIR_PATH}/Podfile.lock\" \"${PODS_ROOT}/Manifest.lock\" > /dev/null\nif [ $? != 0 ] ; then\n    # print error to STDERR\n    echo \"error: The sandbox is not in sync with the Podfile.lock. Run 'pod install' or update your CocoaPods installation.\" >&2\n    exit 1\nfi\n# This output is used by Xcode 'outputs' to avoid re-running this script phase.\necho \"SUCCESS\" > \"${SCRIPT_OUTPUT_FILE_0}\"\n";
			showEnvVarsInLog = 0;
		};
		E769F6D0D084960A9E739893 /* [CP] Check Pods Manifest.lock */ = {
			isa = PBXShellScriptBuildPhase;
			buildActionMask = 2147483647;
			files = (
			);
			inputFileListPaths = (
			);
			inputPaths = (
				"${PODS_PODFILE_DIR_PATH}/Podfile.lock",
				"${PODS_ROOT}/Manifest.lock",
			);
			name = "[CP] Check Pods Manifest.lock";
			outputFileListPaths = (
			);
			outputPaths = (
				"$(DERIVED_FILE_DIR)/Pods-Youtube_Demo-Youtube_DemoUITests-checkManifestLockResult.txt",
			);
			runOnlyForDeploymentPostprocessing = 0;
			shellPath = /bin/sh;
			shellScript = "diff \"${PODS_PODFILE_DIR_PATH}/Podfile.lock\" \"${PODS_ROOT}/Manifest.lock\" > /dev/null\nif [ $? != 0 ] ; then\n    # print error to STDERR\n    echo \"error: The sandbox is not in sync with the Podfile.lock. Run 'pod install' or update your CocoaPods installation.\" >&2\n    exit 1\nfi\n# This output is used by Xcode 'outputs' to avoid re-running this script phase.\necho \"SUCCESS\" > \"${SCRIPT_OUTPUT_FILE_0}\"\n";
			showEnvVarsInLog = 0;
		};
/* End PBXShellScriptBuildPhase section */

/* Begin PBXSourcesBuildPhase section */
		533E07BB2A750F7F00D87521 /* Sources */ = {
			isa = PBXSourcesBuildPhase;
			buildActionMask = 2147483647;
			files = (
				533E07C72A750F7F00D87521 /* HomeController.swift in Sources */,
				533E07C32A750F7F00D87521 /* AppDelegate.swift in Sources */,
			);
			runOnlyForDeploymentPostprocessing = 0;
		};
		533E07D12A750F8100D87521 /* Sources */ = {
			isa = PBXSourcesBuildPhase;
			buildActionMask = 2147483647;
			files = (
				533E07DA2A750F8100D87521 /* Youtube_DemoTests.swift in Sources */,
			);
			runOnlyForDeploymentPostprocessing = 0;
		};
		533E07DB2A750F8100D87521 /* Sources */ = {
			isa = PBXSourcesBuildPhase;
			buildActionMask = 2147483647;
			files = (
				533E07E42A750F8100D87521 /* Youtube_DemoUITests.swift in Sources */,
				533E07E62A750F8100D87521 /* Youtube_DemoUITestsLaunchTests.swift in Sources */,
			);
			runOnlyForDeploymentPostprocessing = 0;
		};
/* End PBXSourcesBuildPhase section */

/* Begin PBXTargetDependency section */
		533E07D72A750F8100D87521 /* PBXTargetDependency */ = {
			isa = PBXTargetDependency;
			target = 533E07BE2A750F7F00D87521 /* Youtube_Demo */;
			targetProxy = 533E07D62A750F8100D87521 /* PBXContainerItemProxy */;
		};
		533E07E12A750F8100D87521 /* PBXTargetDependency */ = {
			isa = PBXTargetDependency;
			target = 533E07BE2A750F7F00D87521 /* Youtube_Demo */;
			targetProxy = 533E07E02A750F8100D87521 /* PBXContainerItemProxy */;
		};
/* End PBXTargetDependency section */

/* Begin PBXVariantGroup section */
		533E07CD2A750F8100D87521 /* LaunchScreen.storyboard */ = {
			isa = PBXVariantGroup;
			children = (
				533E07CE2A750F8100D87521 /* Base */,
			);
			name = LaunchScreen.storyboard;
			sourceTree = "<group>";
		};
/* End PBXVariantGroup section */

/* Begin XCBuildConfiguration section */
		533E07E72A750F8100D87521 /* Debug */ = {
			isa = XCBuildConfiguration;
			buildSettings = {
				ALWAYS_SEARCH_USER_PATHS = NO;
				CLANG_ANALYZER_NONNULL = YES;
				CLANG_ANALYZER_NUMBER_OBJECT_CONVERSION = YES_AGGRESSIVE;
				CLANG_CXX_LANGUAGE_STANDARD = "gnu++17";
				CLANG_ENABLE_MODULES = YES;
				CLANG_ENABLE_OBJC_ARC = YES;
				CLANG_ENABLE_OBJC_WEAK = YES;
				CLANG_WARN_BLOCK_CAPTURE_AUTORELEASING = YES;
				CLANG_WARN_BOOL_CONVERSION = YES;
				CLANG_WARN_COMMA = YES;
				CLANG_WARN_CONSTANT_CONVERSION = YES;
				CLANG_WARN_DEPRECATED_OBJC_IMPLEMENTATIONS = YES;
				CLANG_WARN_DIRECT_OBJC_ISA_USAGE = YES_ERROR;
				CLANG_WARN_DOCUMENTATION_COMMENTS = YES;
				CLANG_WARN_EMPTY_BODY = YES;
				CLANG_WARN_ENUM_CONVERSION = YES;
				CLANG_WARN_INFINITE_RECURSION = YES;
				CLANG_WARN_INT_CONVERSION = YES;
				CLANG_WARN_NON_LITERAL_NULL_CONVERSION = YES;
				CLANG_WARN_OBJC_IMPLICIT_RETAIN_SELF = YES;
				CLANG_WARN_OBJC_LITERAL_CONVERSION = YES;
				CLANG_WARN_OBJC_ROOT_CLASS = YES_ERROR;
				CLANG_WARN_QUOTED_INCLUDE_IN_FRAMEWORK_HEADER = YES;
				CLANG_WARN_RANGE_LOOP_ANALYSIS = YES;
				CLANG_WARN_STRICT_PROTOTYPES = YES;
				CLANG_WARN_SUSPICIOUS_MOVE = YES;
				CLANG_WARN_UNGUARDED_AVAILABILITY = YES_AGGRESSIVE;
				CLANG_WARN_UNREACHABLE_CODE = YES;
				CLANG_WARN__DUPLICATE_METHOD_MATCH = YES;
				COPY_PHASE_STRIP = NO;
				DEBUG_INFORMATION_FORMAT = dwarf;
				ENABLE_STRICT_OBJC_MSGSEND = YES;
				ENABLE_TESTABILITY = YES;
				GCC_C_LANGUAGE_STANDARD = gnu11;
				GCC_DYNAMIC_NO_PIC = NO;
				GCC_NO_COMMON_BLOCKS = YES;
				GCC_OPTIMIZATION_LEVEL = 0;
				GCC_PREPROCESSOR_DEFINITIONS = (
					"DEBUG=1",
					"$(inherited)",
				);
				GCC_WARN_64_TO_32_BIT_CONVERSION = YES;
				GCC_WARN_ABOUT_RETURN_TYPE = YES_ERROR;
				GCC_WARN_UNDECLARED_SELECTOR = YES;
				GCC_WARN_UNINITIALIZED_AUTOS = YES_AGGRESSIVE;
				GCC_WARN_UNUSED_FUNCTION = YES;
				GCC_WARN_UNUSED_VARIABLE = YES;
				IPHONEOS_DEPLOYMENT_TARGET = 15.5;
				MTL_ENABLE_DEBUG_INFO = INCLUDE_SOURCE;
				MTL_FAST_MATH = YES;
				ONLY_ACTIVE_ARCH = YES;
				SDKROOT = iphoneos;
				SWIFT_ACTIVE_COMPILATION_CONDITIONS = DEBUG;
				SWIFT_OPTIMIZATION_LEVEL = "-Onone";
			};
			name = Debug;
		};
		533E07E82A750F8100D87521 /* Release */ = {
			isa = XCBuildConfiguration;
			buildSettings = {
				ALWAYS_SEARCH_USER_PATHS = NO;
				CLANG_ANALYZER_NONNULL = YES;
				CLANG_ANALYZER_NUMBER_OBJECT_CONVERSION = YES_AGGRESSIVE;
				CLANG_CXX_LANGUAGE_STANDARD = "gnu++17";
				CLANG_ENABLE_MODULES = YES;
				CLANG_ENABLE_OBJC_ARC = YES;
				CLANG_ENABLE_OBJC_WEAK = YES;
				CLANG_WARN_BLOCK_CAPTURE_AUTORELEASING = YES;
				CLANG_WARN_BOOL_CONVERSION = YES;
				CLANG_WARN_COMMA = YES;
				CLANG_WARN_CONSTANT_CONVERSION = YES;
				CLANG_WARN_DEPRECATED_OBJC_IMPLEMENTATIONS = YES;
				CLANG_WARN_DIRECT_OBJC_ISA_USAGE = YES_ERROR;
				CLANG_WARN_DOCUMENTATION_COMMENTS = YES;
				CLANG_WARN_EMPTY_BODY = YES;
				CLANG_WARN_ENUM_CONVERSION = YES;
				CLANG_WARN_INFINITE_RECURSION = YES;
				CLANG_WARN_INT_CONVERSION = YES;
				CLANG_WARN_NON_LITERAL_NULL_CONVERSION = YES;
				CLANG_WARN_OBJC_IMPLICIT_RETAIN_SELF = YES;
				CLANG_WARN_OBJC_LITERAL_CONVERSION = YES;
				CLANG_WARN_OBJC_ROOT_CLASS = YES_ERROR;
				CLANG_WARN_QUOTED_INCLUDE_IN_FRAMEWORK_HEADER = YES;
				CLANG_WARN_RANGE_LOOP_ANALYSIS = YES;
				CLANG_WARN_STRICT_PROTOTYPES = YES;
				CLANG_WARN_SUSPICIOUS_MOVE = YES;
				CLANG_WARN_UNGUARDED_AVAILABILITY = YES_AGGRESSIVE;
				CLANG_WARN_UNREACHABLE_CODE = YES;
				CLANG_WARN__DUPLICATE_METHOD_MATCH = YES;
				COPY_PHASE_STRIP = NO;
				DEBUG_INFORMATION_FORMAT = "dwarf-with-dsym";
				ENABLE_NS_ASSERTIONS = NO;
				ENABLE_STRICT_OBJC_MSGSEND = YES;
				GCC_C_LANGUAGE_STANDARD = gnu11;
				GCC_NO_COMMON_BLOCKS = YES;
				GCC_WARN_64_TO_32_BIT_CONVERSION = YES;
				GCC_WARN_ABOUT_RETURN_TYPE = YES_ERROR;
				GCC_WARN_UNDECLARED_SELECTOR = YES;
				GCC_WARN_UNINITIALIZED_AUTOS = YES_AGGRESSIVE;
				GCC_WARN_UNUSED_FUNCTION = YES;
				GCC_WARN_UNUSED_VARIABLE = YES;
				IPHONEOS_DEPLOYMENT_TARGET = 15.5;
				MTL_ENABLE_DEBUG_INFO = NO;
				MTL_FAST_MATH = YES;
				SDKROOT = iphoneos;
				SWIFT_COMPILATION_MODE = wholemodule;
				SWIFT_OPTIMIZATION_LEVEL = "-O";
				VALIDATE_PRODUCT = YES;
			};
			name = Release;
		};
		533E07EA2A750F8100D87521 /* Debug */ = {
			isa = XCBuildConfiguration;
			baseConfigurationReference = B42D1601F156E93A231A9FD0 /* Pods-Youtube_Demo.debug.xcconfig */;
			buildSettings = {
				ASSETCATALOG_COMPILER_APPICON_NAME = AppIcon;
				ASSETCATALOG_COMPILER_GLOBAL_ACCENT_COLOR_NAME = AccentColor;
				CODE_SIGN_STYLE = Automatic;
				CURRENT_PROJECT_VERSION = 1;
				GENERATE_INFOPLIST_FILE = YES;
				INFOPLIST_FILE = Youtube_Demo/Info.plist;
				INFOPLIST_KEY_UIApplicationSupportsIndirectInputEvents = YES;
				INFOPLIST_KEY_UILaunchStoryboardName = LaunchScreen;
				INFOPLIST_KEY_UIMainStoryboardFile = LaunchScreen;
				INFOPLIST_KEY_UISupportedInterfaceOrientations = UIInterfaceOrientationPortrait;
				INFOPLIST_KEY_UISupportedInterfaceOrientations_iPad = "UIInterfaceOrientationPortrait UIInterfaceOrientationPortraitUpsideDown UIInterfaceOrientationLandscapeLeft UIInterfaceOrientationLandscapeRight";
				INFOPLIST_KEY_UISupportedInterfaceOrientations_iPhone = "UIInterfaceOrientationPortrait UIInterfaceOrientationLandscapeLeft UIInterfaceOrientationLandscapeRight";
				LD_RUNPATH_SEARCH_PATHS = (
					"$(inherited)",
					"@executable_path/Frameworks",
				);
				MARKETING_VERSION = 1.0;
				PRODUCT_BUNDLE_IDENTIFIER = "canh.td.youtube.Youtube-Demo";
				PRODUCT_NAME = "$(TARGET_NAME)";
				SWIFT_EMIT_LOC_STRINGS = YES;
				SWIFT_VERSION = 5.0;
				TARGETED_DEVICE_FAMILY = 1;
			};
			name = Debug;
		};
		533E07EB2A750F8100D87521 /* Release */ = {
			isa = XCBuildConfiguration;
			baseConfigurationReference = EB7347CA4BC6311AC4CFF307 /* Pods-Youtube_Demo.release.xcconfig */;
			buildSettings = {
				ASSETCATALOG_COMPILER_APPICON_NAME = AppIcon;
				ASSETCATALOG_COMPILER_GLOBAL_ACCENT_COLOR_NAME = AccentColor;
				CODE_SIGN_STYLE = Automatic;
				CURRENT_PROJECT_VERSION = 1;
				GENERATE_INFOPLIST_FILE = YES;
				INFOPLIST_FILE = Youtube_Demo/Info.plist;
				INFOPLIST_KEY_UIApplicationSupportsIndirectInputEvents = YES;
				INFOPLIST_KEY_UILaunchStoryboardName = LaunchScreen;
				INFOPLIST_KEY_UIMainStoryboardFile = LaunchScreen;
				INFOPLIST_KEY_UISupportedInterfaceOrientations = UIInterfaceOrientationPortrait;
				INFOPLIST_KEY_UISupportedInterfaceOrientations_iPad = "UIInterfaceOrientationPortrait UIInterfaceOrientationPortraitUpsideDown UIInterfaceOrientationLandscapeLeft UIInterfaceOrientationLandscapeRight";
				INFOPLIST_KEY_UISupportedInterfaceOrientations_iPhone = "UIInterfaceOrientationPortrait UIInterfaceOrientationLandscapeLeft UIInterfaceOrientationLandscapeRight";
				LD_RUNPATH_SEARCH_PATHS = (
					"$(inherited)",
					"@executable_path/Frameworks",
				);
				MARKETING_VERSION = 1.0;
				PRODUCT_BUNDLE_IDENTIFIER = "canh.td.youtube.Youtube-Demo";
				PRODUCT_NAME = "$(TARGET_NAME)";
				SWIFT_EMIT_LOC_STRINGS = YES;
				SWIFT_VERSION = 5.0;
				TARGETED_DEVICE_FAMILY = 1;
			};
			name = Release;
		};
		533E07ED2A750F8100D87521 /* Debug */ = {
			isa = XCBuildConfiguration;
			baseConfigurationReference = 8E350BA562C6D21E9B707BE1 /* Pods-Youtube_DemoTests.debug.xcconfig */;
			buildSettings = {
				ALWAYS_EMBED_SWIFT_STANDARD_LIBRARIES = YES;
				BUNDLE_LOADER = "$(TEST_HOST)";
				CODE_SIGN_STYLE = Automatic;
				CURRENT_PROJECT_VERSION = 1;
				GENERATE_INFOPLIST_FILE = YES;
				IPHONEOS_DEPLOYMENT_TARGET = 15.5;
				MARKETING_VERSION = 1.0;
				PRODUCT_BUNDLE_IDENTIFIER = "canh.td.youtube.Youtube-DemoTests";
				PRODUCT_NAME = "$(TARGET_NAME)";
				SWIFT_EMIT_LOC_STRINGS = NO;
				SWIFT_VERSION = 5.0;
				TARGETED_DEVICE_FAMILY = "1,2";
				TEST_HOST = "$(BUILT_PRODUCTS_DIR)/Youtube_Demo.app/Youtube_Demo";
			};
			name = Debug;
		};
		533E07EE2A750F8100D87521 /* Release */ = {
			isa = XCBuildConfiguration;
			baseConfigurationReference = 47B3735652847237E9C35EAA /* Pods-Youtube_DemoTests.release.xcconfig */;
			buildSettings = {
				ALWAYS_EMBED_SWIFT_STANDARD_LIBRARIES = YES;
				BUNDLE_LOADER = "$(TEST_HOST)";
				CODE_SIGN_STYLE = Automatic;
				CURRENT_PROJECT_VERSION = 1;
				GENERATE_INFOPLIST_FILE = YES;
				IPHONEOS_DEPLOYMENT_TARGET = 15.5;
				MARKETING_VERSION = 1.0;
				PRODUCT_BUNDLE_IDENTIFIER = "canh.td.youtube.Youtube-DemoTests";
				PRODUCT_NAME = "$(TARGET_NAME)";
				SWIFT_EMIT_LOC_STRINGS = NO;
				SWIFT_VERSION = 5.0;
				TARGETED_DEVICE_FAMILY = "1,2";
				TEST_HOST = "$(BUILT_PRODUCTS_DIR)/Youtube_Demo.app/Youtube_Demo";
			};
			name = Release;
		};
		533E07F02A750F8100D87521 /* Debug */ = {
			isa = XCBuildConfiguration;
			baseConfigurationReference = C04B6937D2CF02B2D25804FD /* Pods-Youtube_Demo-Youtube_DemoUITests.debug.xcconfig */;
			buildSettings = {
				ALWAYS_EMBED_SWIFT_STANDARD_LIBRARIES = YES;
				CODE_SIGN_STYLE = Automatic;
				CURRENT_PROJECT_VERSION = 1;
				GENERATE_INFOPLIST_FILE = YES;
				MARKETING_VERSION = 1.0;
				PRODUCT_BUNDLE_IDENTIFIER = "canh.td.youtube.Youtube-DemoUITests";
				PRODUCT_NAME = "$(TARGET_NAME)";
				SWIFT_EMIT_LOC_STRINGS = NO;
				SWIFT_VERSION = 5.0;
				TARGETED_DEVICE_FAMILY = "1,2";
				TEST_TARGET_NAME = Youtube_Demo;
			};
			name = Debug;
		};
		533E07F12A750F8100D87521 /* Release */ = {
			isa = XCBuildConfiguration;
			baseConfigurationReference = 7633E0DF66770EB834DF9149 /* Pods-Youtube_Demo-Youtube_DemoUITests.release.xcconfig */;
			buildSettings = {
				ALWAYS_EMBED_SWIFT_STANDARD_LIBRARIES = YES;
				CODE_SIGN_STYLE = Automatic;
				CURRENT_PROJECT_VERSION = 1;
				GENERATE_INFOPLIST_FILE = YES;
				MARKETING_VERSION = 1.0;
				PRODUCT_BUNDLE_IDENTIFIER = "canh.td.youtube.Youtube-DemoUITests";
				PRODUCT_NAME = "$(TARGET_NAME)";
				SWIFT_EMIT_LOC_STRINGS = NO;
				SWIFT_VERSION = 5.0;
				TARGETED_DEVICE_FAMILY = "1,2";
				TEST_TARGET_NAME = Youtube_Demo;
			};
			name = Release;
		};
/* End XCBuildConfiguration section */

/* Begin XCConfigurationList section */
		533E07BA2A750F7F00D87521 /* Build configuration list for PBXProject "Youtube_Demo" */ = {
			isa = XCConfigurationList;
			buildConfigurations = (
				533E07E72A750F8100D87521 /* Debug */,
				533E07E82A750F8100D87521 /* Release */,
			);
			defaultConfigurationIsVisible = 0;
			defaultConfigurationName = Release;
		};
		533E07E92A750F8100D87521 /* Build configuration list for PBXNativeTarget "Youtube_Demo" */ = {
			isa = XCConfigurationList;
			buildConfigurations = (
				533E07EA2A750F8100D87521 /* Debug */,
				533E07EB2A750F8100D87521 /* Release */,
			);
			defaultConfigurationIsVisible = 0;
			defaultConfigurationName = Release;
		};
		533E07EC2A750F8100D87521 /* Build configuration list for PBXNativeTarget "Youtube_DemoTests" */ = {
			isa = XCConfigurationList;
			buildConfigurations = (
				533E07ED2A750F8100D87521 /* Debug */,
				533E07EE2A750F8100D87521 /* Release */,
			);
			defaultConfigurationIsVisible = 0;
			defaultConfigurationName = Release;
		};
		533E07EF2A750F8100D87521 /* Build configuration list for PBXNativeTarget "Youtube_DemoUITests" */ = {
			isa = XCConfigurationList;
			buildConfigurations = (
				533E07F02A750F8100D87521 /* Debug */,
				533E07F12A750F8100D87521 /* Release */,
			);
			defaultConfigurationIsVisible = 0;
			defaultConfigurationName = Release;
		};
/* End XCConfigurationList section */
	};
	rootObject = 533E07B72A750F7F00D87521 /* Project object */;
}
